
Microsoft Visual Studio Solution File, Format Version 12.00
# Visual Studio Version 17
VisualStudioVersion = 17.4.33213.308
MinimumVisualStudioVersion = 10.0.40219.1
Project("{FAE04EC0-301F-11D3-BF4B-00C04F79EFBC}") = "HwansPaint", "HwansPaint\HwansPaint.csproj", "{A95FBFCB-228E-4FC1-BD75-78AAF7D28FC4}"
EndProject
Global
	GlobalSection(SolutionConfigurationPlatforms) = preSolution
		Debug|Any CPU = Debug|Any CPU
		Release|Any CPU = Release|Any CPU
	EndGlobalSection
	GlobalSection(ProjectConfigurationPlatforms) = postSolution
		{A95FBFCB-228E-4FC1-BD75-78AAF7D28FC4}.Debug|Any CPU.ActiveCfg = Debug|Any CPU
		{A95FBFCB-228E-4FC1-BD75-78AAF7D28FC4}.Debug|Any CPU.Build.0 = Debug|Any CPU
		{A95FBFCB-228E-4FC1-BD75-78AAF7D28FC4}.Release|Any CPU.ActiveCfg = Release|Any CPU
		{A95FBFCB-228E-4FC1-BD75-78AAF7D28FC4}.Release|Any CPU.Build.0 = Release|Any CPU
	EndGlobalSection
	GlobalSection(SolutionProperties) = preSolution
		HideSolutionNode = FALSE
	EndGlobalSection
	GlobalSection(ExtensibilityGlobals) = postSolution
		SolutionGuid = {678224B4-3125-4DEE-AE8A-5468EC0BEC68}
	EndGlobalSection
EndGlobal
